# This file is generated by running "yarn install" inside your project.
# Manual changes might be lost - proceed with caution!

__metadata:
  version: 6
  cacheKey: 8

"@nodelib/fs.scandir@npm:2.1.5":
  version: 2.1.5
  resolution: "@nodelib/fs.scandir@npm:2.1.5"
  dependencies:
    "@nodelib/fs.stat": 2.0.5
    run-parallel: ^1.1.9
  checksum: a970d595bd23c66c880e0ef1817791432dbb7acbb8d44b7e7d0e7a22f4521260d4a83f7f9fd61d44fda4610105577f8f58a60718105fb38352baed612fd79e59
  languageName: node
  linkType: hard

"@nodelib/fs.stat@npm:2.0.5, @nodelib/fs.stat@npm:^2.0.2":
  version: 2.0.5
  resolution: "@nodelib/fs.stat@npm:2.0.5"
  checksum: 012480b5ca9d97bff9261571dbbec7bbc6033f69cc92908bc1ecfad0792361a5a1994bc48674b9ef76419d056a03efadfce5a6cf6dbc0a36559571a7a483f6f0
  languageName: node
  linkType: hard

"@nodelib/fs.walk@npm:^1.2.3":
  version: 1.2.8
  resolution: "@nodelib/fs.walk@npm:1.2.8"
  dependencies:
    "@nodelib/fs.scandir": 2.1.5
    fastq: ^1.6.0
  checksum: 190c643f156d8f8f277bf2a6078af1ffde1fd43f498f187c2db24d35b4b4b5785c02c7dc52e356497b9a1b65b13edc996de08de0b961c32844364da02986dc53
  languageName: node
  linkType: hard

"array-union@npm:^2.1.0":
  version: 2.1.0
  resolution: "array-union@npm:2.1.0"
  checksum: 5bee12395cba82da674931df6d0fea23c4aa4660cb3b338ced9f828782a65caa232573e6bf3968f23e0c5eb301764a382cef2f128b170a9dc59de0e36c39f98d
  languageName: node
  linkType: hard

"async@npm:^3.2.4":
  version: 3.2.6
  resolution: "async@npm:3.2.6"
  checksum: ee6eb8cd8a0ab1b58bd2a3ed6c415e93e773573a91d31df9d5ef559baafa9dab37d3b096fa7993e84585cac3697b2af6ddb9086f45d3ac8cae821bb2aab65682
  languageName: node
  linkType: hard

"braces@npm:^3.0.3":
  version: 3.0.3
  resolution: "braces@npm:3.0.3"
  dependencies:
    fill-range: ^7.1.1
  checksum: b95aa0b3bd909f6cd1720ffcf031aeaf46154dd88b4da01f9a1d3f7ea866a79eba76a6d01cbc3c422b2ee5cdc39a4f02491058d5df0d7bf6e6a162a832df1f69
  languageName: node
  linkType: hard

"commander@npm:^11.0.0":
  version: 11.1.0
  resolution: "commander@npm:11.1.0"
  checksum: fd1a8557c6b5b622c89ecdfde703242ab7db3b628ea5d1755784c79b8e7cb0d74d65b4a262289b533359cd58e1bfc0bf50245dfbcd2954682a6f367c828b79ef
  languageName: node
  linkType: hard

"commander@npm:~ 8.3.0":
  version: 8.3.0
  resolution: "commander@npm:8.3.0"
  checksum: 0f82321821fc27b83bd409510bb9deeebcfa799ff0bf5d102128b500b7af22872c0c92cb6a0ebc5a4cf19c6b550fba9cedfa7329d18c6442a625f851377bacf0
  languageName: node
  linkType: hard

"commondir@npm:^1.0.1":
  version: 1.0.1
  resolution: "commondir@npm:1.0.1"
  checksum: 59715f2fc456a73f68826285718503340b9f0dd89bfffc42749906c5cf3d4277ef11ef1cca0350d0e79204f00f1f6d83851ececc9095dc88512a697ac0b9bdcb
  languageName: node
  linkType: hard

"dir-glob@npm:^3.0.1":
  version: 3.0.1
  resolution: "dir-glob@npm:3.0.1"
  dependencies:
    path-type: ^4.0.0
  checksum: fa05e18324510d7283f55862f3161c6759a3f2f8dbce491a2fc14c8324c498286c54282c1f0e933cb930da8419b30679389499b919122952a4f8592362ef4615
  languageName: node
  linkType: hard

"docco@npm:^0.9.1":
  version: 0.9.1
  resolution: "docco@npm:0.9.1"
  dependencies:
    commander: ~ 8.3.0
    fs-extra: ~ 10.0.0
    highlight.js: ~ 11.3.1
    marked: ~ 4.0.3
    underscore: ~ 1.13.1
  bin:
    docco: bin/docco
  checksum: 39ddc2607a735b0f013948eaf5ef89e55ab532e4df98e91d9476d127b7b583f4d201b24066b1171749b55cdbd6ec752d8719a34150289cbf8bcf81de934afd22
  languageName: node
  linkType: hard

"email-addresses@npm:^5.0.0":
  version: 5.0.0
  resolution: "email-addresses@npm:5.0.0"
  checksum: e58a510e9caf105313025e1c81488d5391c6404f0bbd7874e8e36a4c14d1ced02ff271748146c13edfa3bd9ce9b25f1194f5369971d77087325f37ab193129bb
  languageName: node
  linkType: hard

"escape-string-regexp@npm:^1.0.2":
  version: 1.0.5
  resolution: "escape-string-regexp@npm:1.0.5"
  checksum: 6092fda75c63b110c706b6a9bfde8a612ad595b628f0bd2147eea1d3406723020810e591effc7db1da91d80a71a737a313567c5abb3813e8d9c71f4aa595b410
  languageName: node
  linkType: hard

"fast-glob@npm:^3.2.9":
  version: 3.3.2
  resolution: "fast-glob@npm:3.3.2"
  dependencies:
    "@nodelib/fs.stat": ^2.0.2
    "@nodelib/fs.walk": ^1.2.3
    glob-parent: ^5.1.2
    merge2: ^1.3.0
    micromatch: ^4.0.4
  checksum: 900e4979f4dbc3313840078419245621259f349950411ca2fa445a2f9a1a6d98c3b5e7e0660c5ccd563aa61abe133a21765c6c0dec8e57da1ba71d8000b05ec1
  languageName: node
  linkType: hard

"fastq@npm:^1.6.0":
  version: 1.18.0
  resolution: "fastq@npm:1.18.0"
  dependencies:
    reusify: ^1.0.4
  checksum: fb8d94318c2e5545a1913c1647b35e8b7825caaba888a98ef9887085e57f5a82104aefbb05f26c81d4e220f02b2ea6f2c999132186d8c77e6c681d91870191ba
  languageName: node
  linkType: hard

"filename-reserved-regex@npm:^2.0.0":
  version: 2.0.0
  resolution: "filename-reserved-regex@npm:2.0.0"
  checksum: 323a0020fd7f243238ffccab9d728cbc5f3a13c84b2c10e01efb09b8324561d7a51776be76f36603c734d4f69145c39a5d12492bf6142a28b50d7f90bd6190bc
  languageName: node
  linkType: hard

"filenamify@npm:^4.3.0":
  version: 4.3.0
  resolution: "filenamify@npm:4.3.0"
  dependencies:
    filename-reserved-regex: ^2.0.0
    strip-outer: ^1.0.1
    trim-repeated: ^1.0.0
  checksum: 5b71a7ff8e958c8621957e6fbf7872024126d3b5da50f59b1634af3343ba1a69d4cc15cfe4ca4bbfa7c959ad4d98614ee51e6f1d9fa7326eef8ceda2da8cd74e
  languageName: node
  linkType: hard

"fill-range@npm:^7.1.1":
  version: 7.1.1
  resolution: "fill-range@npm:7.1.1"
  dependencies:
    to-regex-range: ^5.0.1
  checksum: b4abfbca3839a3d55e4ae5ec62e131e2e356bf4859ce8480c64c4876100f4df292a63e5bb1618e1d7460282ca2b305653064f01654474aa35c68000980f17798
  languageName: node
  linkType: hard

"find-cache-dir@npm:^3.3.1":
  version: 3.3.2
  resolution: "find-cache-dir@npm:3.3.2"
  dependencies:
    commondir: ^1.0.1
    make-dir: ^3.0.2
    pkg-dir: ^4.1.0
  checksum: 1e61c2e64f5c0b1c535bd85939ae73b0e5773142713273818cc0b393ee3555fb0fd44e1a5b161b8b6c3e03e98c2fcc9c227d784850a13a90a8ab576869576817
  languageName: node
  linkType: hard

"find-up@npm:^4.0.0":
  version: 4.1.0
  resolution: "find-up@npm:4.1.0"
  dependencies:
    locate-path: ^5.0.0
    path-exists: ^4.0.0
  checksum: 4c172680e8f8c1f78839486e14a43ef82e9decd0e74145f40707cc42e7420506d5ec92d9a11c22bd2c48fb0c384ea05dd30e10dd152fefeec6f2f75282a8b844
  languageName: node
  linkType: hard

"fs-extra@npm:^11.1.1":
  version: 11.2.0
  resolution: "fs-extra@npm:11.2.0"
  dependencies:
    graceful-fs: ^4.2.0
    jsonfile: ^6.0.1
    universalify: ^2.0.0
  checksum: b12e42fa40ba47104202f57b8480dd098aa931c2724565e5e70779ab87605665594e76ee5fb00545f772ab9ace167fe06d2ab009c416dc8c842c5ae6df7aa7e8
  languageName: node
  linkType: hard

"fs-extra@npm:~ 10.0.0":
  version: 10.0.1
  resolution: "fs-extra@npm:10.0.1"
  dependencies:
    graceful-fs: ^4.2.0
    jsonfile: ^6.0.1
    universalify: ^2.0.0
  checksum: c1faaa5eb9e1c5c7c7ff09f966e93922ecb068ae1b04801cfc983ef05fcc1f66bfbb8d8d0b745c910014c7a2e7317fb6cf3bfe7390450c1157e3cc1a218f221d
  languageName: node
  linkType: hard

"gh-pages@npm:^6.2.0":
  version: 6.2.0
  resolution: "gh-pages@npm:6.2.0"
  dependencies:
    async: ^3.2.4
    commander: ^11.0.0
    email-addresses: ^5.0.0
    filenamify: ^4.3.0
    find-cache-dir: ^3.3.1
    fs-extra: ^11.1.1
    globby: ^11.1.0
  bin:
    gh-pages: bin/gh-pages.js
    gh-pages-clean: bin/gh-pages-clean.js
  checksum: 419e64226c72d64b78eb75457f26cd6c0863afe35d5977c13bdaf6025c15d40ccf477b3fdb17b73b4206ae89c5a67863de5948dd236518690dc244d737a8d0b2
  languageName: node
  linkType: hard

"glob-parent@npm:^5.1.2":
  version: 5.1.2
  resolution: "glob-parent@npm:5.1.2"
  dependencies:
    is-glob: ^4.0.1
  checksum: f4f2bfe2425296e8a47e36864e4f42be38a996db40420fe434565e4480e3322f18eb37589617a98640c5dc8fdec1a387007ee18dbb1f3f5553409c34d17f425e
  languageName: node
  linkType: hard

"globby@npm:^11.1.0":
  version: 11.1.0
  resolution: "globby@npm:11.1.0"
  dependencies:
    array-union: ^2.1.0
    dir-glob: ^3.0.1
    fast-glob: ^3.2.9
    ignore: ^5.2.0
    merge2: ^1.4.1
    slash: ^3.0.0
  checksum: b4be8885e0cfa018fc783792942d53926c35c50b3aefd3fdcfb9d22c627639dc26bd2327a40a0b74b074100ce95bb7187bfeae2f236856aa3de183af7a02aea6
  languageName: node
  linkType: hard

"graceful-fs@npm:^4.1.6, graceful-fs@npm:^4.2.0":
  version: 4.2.11
  resolution: "graceful-fs@npm:4.2.11"
  checksum: ac85f94da92d8eb6b7f5a8b20ce65e43d66761c55ce85ac96df6865308390da45a8d3f0296dd3a663de65d30ba497bd46c696cc1e248c72b13d6d567138a4fc7
  languageName: node
  linkType: hard

"highlight.js@npm:~ 11.3.1":
  version: 11.3.1
  resolution: "highlight.js@npm:11.3.1"
  checksum: 9adaaa1fe5aaae0ca522f9355bc2a7387f76ab362f88c32c86879b99f606619a9aa33c32ffc94cd893987e71ba5d2de6f3e325ed9e8eac65e5872d251e8cba3a
  languageName: node
  linkType: hard

"ignore@npm:^5.2.0":
  version: 5.3.2
  resolution: "ignore@npm:5.3.2"
  checksum: 2acfd32a573260ea522ea0bfeff880af426d68f6831f973129e2ba7363f422923cf53aab62f8369cbf4667c7b25b6f8a3761b34ecdb284ea18e87a5262a865be
  languageName: node
  linkType: hard

"is-extglob@npm:^2.1.1":
  version: 2.1.1
  resolution: "is-extglob@npm:2.1.1"
  checksum: df033653d06d0eb567461e58a7a8c9f940bd8c22274b94bf7671ab36df5719791aae15eef6d83bbb5e23283967f2f984b8914559d4449efda578c775c4be6f85
  languageName: node
  linkType: hard

"is-glob@npm:^4.0.1":
  version: 4.0.3
  resolution: "is-glob@npm:4.0.3"
  dependencies:
    is-extglob: ^2.1.1
  checksum: d381c1319fcb69d341cc6e6c7cd588e17cd94722d9a32dbd60660b993c4fb7d0f19438674e68dfec686d09b7c73139c9166b47597f846af387450224a8101ab4
  languageName: node
  linkType: hard

"is-number@npm:^7.0.0":
  version: 7.0.0
  resolution: "is-number@npm:7.0.0"
  checksum: 456ac6f8e0f3111ed34668a624e45315201dff921e5ac181f8ec24923b99e9f32ca1a194912dc79d539c97d33dba17dc635202ff0b2cf98326f608323276d27a
  languageName: node
  linkType: hard

"jsonfile@npm:^6.0.1":
  version: 6.1.0
  resolution: "jsonfile@npm:6.1.0"
  dependencies:
    graceful-fs: ^4.1.6
    universalify: ^2.0.0
  dependenciesMeta:
    graceful-fs:
      optional: true
  checksum: 7af3b8e1ac8fe7f1eccc6263c6ca14e1966fcbc74b618d3c78a0a2075579487547b94f72b7a1114e844a1e15bb00d440e5d1720bfc4612d790a6f285d5ea8354
  languageName: node
  linkType: hard

"locate-path@npm:^5.0.0":
  version: 5.0.0
  resolution: "locate-path@npm:5.0.0"
  dependencies:
    p-locate: ^4.1.0
  checksum: 83e51725e67517287d73e1ded92b28602e3ae5580b301fe54bfb76c0c723e3f285b19252e375712316774cf52006cb236aed5704692c32db0d5d089b69696e30
  languageName: node
  linkType: hard

"make-dir@npm:^3.0.2":
  version: 3.1.0
  resolution: "make-dir@npm:3.1.0"
  dependencies:
    semver: ^6.0.0
  checksum: 484200020ab5a1fdf12f393fe5f385fc8e4378824c940fba1729dcd198ae4ff24867bc7a5646331e50cead8abff5d9270c456314386e629acec6dff4b8016b78
  languageName: node
  linkType: hard

"marked@npm:~ 4.0.3":
  version: 4.0.19
  resolution: "marked@npm:4.0.19"
  bin:
    marked: bin/marked.js
  checksum: 0521f3c6a06a078b91ec5b6754f939e7be1a621e1a7c1e85d4e6a4eb7848e798275566b38dea05ea8a57e85d557fbc9edad4f3fa3e8b494a371133b9ba2fb720
  languageName: node
  linkType: hard

"merge2@npm:^1.3.0, merge2@npm:^1.4.1":
  version: 1.4.1
  resolution: "merge2@npm:1.4.1"
  checksum: 7268db63ed5169466540b6fb947aec313200bcf6d40c5ab722c22e242f651994619bcd85601602972d3c85bd2cc45a358a4c61937e9f11a061919a1da569b0c2
  languageName: node
  linkType: hard

"micromatch@npm:^4.0.4":
  version: 4.0.8
  resolution: "micromatch@npm:4.0.8"
  dependencies:
    braces: ^3.0.3
    picomatch: ^2.3.1
  checksum: 79920eb634e6f400b464a954fcfa589c4e7c7143209488e44baf627f9affc8b1e306f41f4f0deedde97e69cb725920879462d3e750ab3bd3c1aed675bb3a8966
  languageName: node
  linkType: hard

"p-limit@npm:^2.2.0":
  version: 2.3.0
  resolution: "p-limit@npm:2.3.0"
  dependencies:
    p-try: ^2.0.0
  checksum: 84ff17f1a38126c3314e91ecfe56aecbf36430940e2873dadaa773ffe072dc23b7af8e46d4b6485d302a11673fe94c6b67ca2cfbb60c989848b02100d0594ac1
  languageName: node
  linkType: hard

"p-locate@npm:^4.1.0":
  version: 4.1.0
  resolution: "p-locate@npm:4.1.0"
  dependencies:
    p-limit: ^2.2.0
  checksum: 513bd14a455f5da4ebfcb819ef706c54adb09097703de6aeaa5d26fe5ea16df92b48d1ac45e01e3944ce1e6aa2a66f7f8894742b8c9d6e276e16cd2049a2b870
  languageName: node
  linkType: hard

"p-try@npm:^2.0.0":
  version: 2.2.0
  resolution: "p-try@npm:2.2.0"
  checksum: f8a8e9a7693659383f06aec604ad5ead237c7a261c18048a6e1b5b85a5f8a067e469aa24f5bc009b991ea3b058a87f5065ef4176793a200d4917349881216cae
  languageName: node
  linkType: hard

"path-exists@npm:^4.0.0":
  version: 4.0.0
  resolution: "path-exists@npm:4.0.0"
  checksum: 505807199dfb7c50737b057dd8d351b82c033029ab94cb10a657609e00c1bc53b951cfdbccab8de04c5584d5eff31128ce6afd3db79281874a5ef2adbba55ed1
  languageName: node
  linkType: hard

"path-type@npm:^4.0.0":
  version: 4.0.0
  resolution: "path-type@npm:4.0.0"
  checksum: 5b1e2daa247062061325b8fdbfd1fb56dde0a448fb1455453276ea18c60685bdad23a445dc148cf87bc216be1573357509b7d4060494a6fd768c7efad833ee45
  languageName: node
  linkType: hard

"picomatch@npm:^2.3.1":
  version: 2.3.1
  resolution: "picomatch@npm:2.3.1"
  checksum: 050c865ce81119c4822c45d3c84f1ced46f93a0126febae20737bd05ca20589c564d6e9226977df859ed5e03dc73f02584a2b0faad36e896936238238b0446cf
  languageName: node
  linkType: hard

"pkg-dir@npm:^4.1.0":
  version: 4.2.0
  resolution: "pkg-dir@npm:4.2.0"
  dependencies:
    find-up: ^4.0.0
  checksum: 9863e3f35132bf99ae1636d31ff1e1e3501251d480336edb1c211133c8d58906bed80f154a1d723652df1fda91e01c7442c2eeaf9dc83157c7ae89087e43c8d6
  languageName: node
  linkType: hard

"queue-microtask@npm:^1.2.2":
  version: 1.2.3
  resolution: "queue-microtask@npm:1.2.3"
  checksum: b676f8c040cdc5b12723ad2f91414d267605b26419d5c821ff03befa817ddd10e238d22b25d604920340fd73efd8ba795465a0377c4adf45a4a41e4234e42dc4
  languageName: node
  linkType: hard

"reusify@npm:^1.0.4":
  version: 1.0.4
  resolution: "reusify@npm:1.0.4"
  checksum: c3076ebcc22a6bc252cb0b9c77561795256c22b757f40c0d8110b1300723f15ec0fc8685e8d4ea6d7666f36c79ccc793b1939c748bf36f18f542744a4e379fcc
  languageName: node
  linkType: hard

"root-workspace-0b6124@workspace:.":
  version: 0.0.0-use.local
  resolution: "root-workspace-0b6124@workspace:."
  dependencies:
    docco: ^0.9.1
    gh-pages: ^6.2.0
  languageName: unknown
  linkType: soft

"run-parallel@npm:^1.1.9":
  version: 1.2.0
  resolution: "run-parallel@npm:1.2.0"
  dependencies:
    queue-microtask: ^1.2.2
  checksum: cb4f97ad25a75ebc11a8ef4e33bb962f8af8516bb2001082ceabd8902e15b98f4b84b4f8a9b222e5d57fc3bd1379c483886ed4619367a7680dad65316993021d
  languageName: node
  linkType: hard

"semver@npm:^6.0.0":
  version: 6.3.1
  resolution: "semver@npm:6.3.1"
  bin:
    semver: bin/semver.js
  checksum: ae47d06de28836adb9d3e25f22a92943477371292d9b665fb023fae278d345d508ca1958232af086d85e0155aee22e313e100971898bbb8d5d89b8b1d4054ca2
  languageName: node
  linkType: hard

"slash@npm:^3.0.0":
  version: 3.0.0
  resolution: "slash@npm:3.0.0"
  checksum: 94a93fff615f25a999ad4b83c9d5e257a7280c90a32a7cb8b4a87996e4babf322e469c42b7f649fd5796edd8687652f3fb452a86dc97a816f01113183393f11c
  languageName: node
  linkType: hard

"strip-outer@npm:^1.0.1":
  version: 1.0.1
  resolution: "strip-outer@npm:1.0.1"
  dependencies:
    escape-string-regexp: ^1.0.2
  checksum: f8d65d33ca2b49aabc66bb41d689dda7b8b9959d320e3a40a2ef4d7079ff2f67ffb72db43f179f48dbf9495c2e33742863feab7a584d180fa62505439162c191
  languageName: node
  linkType: hard

"to-regex-range@npm:^5.0.1":
  version: 5.0.1
  resolution: "to-regex-range@npm:5.0.1"
  dependencies:
    is-number: ^7.0.0
  checksum: f76fa01b3d5be85db6a2a143e24df9f60dd047d151062d0ba3df62953f2f697b16fe5dad9b0ac6191c7efc7b1d9dcaa4b768174b7b29da89d4428e64bc0a20ed
  languageName: node
  linkType: hard

"trim-repeated@npm:^1.0.0":
  version: 1.0.0
  resolution: "trim-repeated@npm:1.0.0"
  dependencies:
    escape-string-regexp: ^1.0.2
  checksum: e25c235305b82c43f1d64a67a71226c406b00281755e4c2c4f3b1d0b09c687a535dd3c4483327f949f28bb89dc400a0bc5e5b749054f4b99f49ebfe48ba36496
  languageName: node
  linkType: hard

"underscore@npm:~ 1.13.1":
  version: 1.13.6
  resolution: "underscore@npm:1.13.6"
  checksum: d5cedd14a9d0d91dd38c1ce6169e4455bb931f0aaf354108e47bd46d3f2da7464d49b2171a5cf786d61963204a42d01ea1332a903b7342ad428deaafaf70ec36
  languageName: node
  linkType: hard

"universalify@npm:^2.0.0":
  version: 2.0.0
  resolution: "universalify@npm:2.0.0"
  checksum: 2406a4edf4a8830aa6813278bab1f953a8e40f2f63a37873ffa9a3bc8f9745d06cc8e88f3572cb899b7e509013f7f6fcc3e37e8a6d914167a5381d8440518c44
  languageName: node
  linkType: hard
